
Microsoft Visual Studio Solution File, Format Version 12.00
Project("{FAE04EC0-301F-11D3-BF4B-00C04F79EFBC}") = "Task1", "Task1\Task1.csproj", "{3C536B64-F4E2-44E4-A108-794FDDC4CE40}"
EndProject
Project("{FAE04EC0-301F-11D3-BF4B-00C04F79EFBC}") = "Task2", "Task2\Task2.csproj", "{24FABD46-838D-48D4-BD3E-9380D001227A}"
EndProject
Project("{FAE04EC0-301F-11D3-BF4B-00C04F79EFBC}") = "Task3", "Task3\Task3.csproj", "{BCDED8C9-38CB-42A2-8698-ED4899690147}"
EndProject
Global
	GlobalSection(SolutionConfigurationPlatforms) = preSolution
		Debug|Any CPU = Debug|Any CPU
		Release|Any CPU = Release|Any CPU
	EndGlobalSection
	GlobalSection(ProjectConfigurationPlatforms) = postSolution
		{3C536B64-F4E2-44E4-A108-794FDDC4CE40}.Debug|Any CPU.ActiveCfg = Debug|Any CPU
		{3C536B64-F4E2-44E4-A108-794FDDC4CE40}.Debug|Any CPU.Build.0 = Debug|Any CPU
		{3C536B64-F4E2-44E4-A108-794FDDC4CE40}.Release|Any CPU.ActiveCfg = Release|Any CPU
		{3C536B64-F4E2-44E4-A108-794FDDC4CE40}.Release|Any CPU.Build.0 = Release|Any CPU
		{24FABD46-838D-48D4-BD3E-9380D001227A}.Debug|Any CPU.ActiveCfg = Debug|Any CPU
		{24FABD46-838D-48D4-BD3E-9380D001227A}.Debug|Any CPU.Build.0 = Debug|Any CPU
		{24FABD46-838D-48D4-BD3E-9380D001227A}.Release|Any CPU.ActiveCfg = Release|Any CPU
		{24FABD46-838D-48D4-BD3E-9380D001227A}.Release|Any CPU.Build.0 = Release|Any CPU
		{BCDED8C9-38CB-42A2-8698-ED4899690147}.Debug|Any CPU.ActiveCfg = Debug|Any CPU
		{BCDED8C9-38CB-42A2-8698-ED4899690147}.Debug|Any CPU.Build.0 = Debug|Any CPU
		{BCDED8C9-38CB-42A2-8698-ED4899690147}.Release|Any CPU.ActiveCfg = Release|Any CPU
		{BCDED8C9-38CB-42A2-8698-ED4899690147}.Release|Any CPU.Build.0 = Release|Any CPU
	EndGlobalSection
EndGlobal
