
Microsoft Visual Studio Solution File, Format Version 12.00
Project("{FAE04EC0-301F-11D3-BF4B-00C04F79EFBC}") = "Task1", "Task1\Task1.csproj", "{CA9DF9E2-B619-4219-966C-C77C39B8DE47}"
EndProject
Global
	GlobalSection(SolutionConfigurationPlatforms) = preSolution
		Debug|Any CPU = Debug|Any CPU
		Release|Any CPU = Release|Any CPU
	EndGlobalSection
	GlobalSection(ProjectConfigurationPlatforms) = postSolution
		{CA9DF9E2-B619-4219-966C-C77C39B8DE47}.Debug|Any CPU.ActiveCfg = Debug|Any CPU
		{CA9DF9E2-B619-4219-966C-C77C39B8DE47}.Debug|Any CPU.Build.0 = Debug|Any CPU
		{CA9DF9E2-B619-4219-966C-C77C39B8DE47}.Release|Any CPU.ActiveCfg = Release|Any CPU
		{CA9DF9E2-B619-4219-966C-C77C39B8DE47}.Release|Any CPU.Build.0 = Release|Any CPU
	EndGlobalSection
EndGlobal
