
Microsoft Visual Studio Solution File, Format Version 12.00
Project("{FAE04EC0-301F-11D3-BF4B-00C04F79EFBC}") = "Task01", "Task01\Task01.csproj", "{162C3D50-B1E9-43CB-9164-13B853537A53}"
EndProject
Project("{FAE04EC0-301F-11D3-BF4B-00C04F79EFBC}") = "Task02", "Task02\Task02.csproj", "{9F2BD637-8DA7-49C9-8D08-BD06E1A735C4}"
EndProject
Global
	GlobalSection(SolutionConfigurationPlatforms) = preSolution
		Debug|Any CPU = Debug|Any CPU
		Release|Any CPU = Release|Any CPU
	EndGlobalSection
	GlobalSection(ProjectConfigurationPlatforms) = postSolution
		{162C3D50-B1E9-43CB-9164-13B853537A53}.Debug|Any CPU.ActiveCfg = Debug|Any CPU
		{162C3D50-B1E9-43CB-9164-13B853537A53}.Debug|Any CPU.Build.0 = Debug|Any CPU
		{162C3D50-B1E9-43CB-9164-13B853537A53}.Release|Any CPU.ActiveCfg = Release|Any CPU
		{162C3D50-B1E9-43CB-9164-13B853537A53}.Release|Any CPU.Build.0 = Release|Any CPU
		{9F2BD637-8DA7-49C9-8D08-BD06E1A735C4}.Debug|Any CPU.ActiveCfg = Debug|Any CPU
		{9F2BD637-8DA7-49C9-8D08-BD06E1A735C4}.Debug|Any CPU.Build.0 = Debug|Any CPU
		{9F2BD637-8DA7-49C9-8D08-BD06E1A735C4}.Release|Any CPU.ActiveCfg = Release|Any CPU
		{9F2BD637-8DA7-49C9-8D08-BD06E1A735C4}.Release|Any CPU.Build.0 = Release|Any CPU
	EndGlobalSection
EndGlobal
